
Microsoft Visual Studio Solution File, Format Version 12.00
# Visual Studio Version 17
VisualStudioVersion = 17.8.34525.116
MinimumVisualStudioVersion = 10.0.40219.1
Project("{FAE04EC0-301F-11D3-BF4B-00C04F79EFBC}") = "WebApplication44", "WebApplication44\WebApplication44.csproj", "{33FF29CF-AF40-4D85-BB41-90C660E7493D}"
EndProject
Global
	GlobalSection(SolutionConfigurationPlatforms) = preSolution
		Debug|Any CPU = Debug|Any CPU
		Release|Any CPU = Release|Any CPU
	EndGlobalSection
	GlobalSection(ProjectConfigurationPlatforms) = postSolution
		{33FF29CF-AF40-4D85-BB41-90C660E7493D}.Debug|Any CPU.ActiveCfg = Debug|Any CPU
		{33FF29CF-AF40-4D85-BB41-90C660E7493D}.Debug|Any CPU.Build.0 = Debug|Any CPU
		{33FF29CF-AF40-4D85-BB41-90C660E7493D}.Release|Any CPU.ActiveCfg = Release|Any CPU
		{33FF29CF-AF40-4D85-BB41-90C660E7493D}.Release|Any CPU.Build.0 = Release|Any CPU
	EndGlobalSection
	GlobalSection(SolutionProperties) = preSolution
		HideSolutionNode = FALSE
	EndGlobalSection
	GlobalSection(ExtensibilityGlobals) = postSolution
		SolutionGuid = {EC6B099C-B6D5-4454-8B47-8EDEAF0AFF23}
	EndGlobalSection
EndGlobal
